
Microsoft Visual Studio Solution File, Format Version 12.00
# Visual Studio Version 17
VisualStudioVersion = 17.8.34330.188
MinimumVisualStudioVersion = 10.0.40219.1
Project("{FAE04EC0-301F-11D3-BF4B-00C04F79EFBC}") = "DiscordBot", "DiscordBot\DiscordBot.csproj", "{DBA1BF65-0704-427D-8912-D137A17962C6}"
EndProject
Global
	GlobalSection(SolutionConfigurationPlatforms) = preSolution
		Debug|Any CPU = Debug|Any CPU
		Release|Any CPU = Release|Any CPU
	EndGlobalSection
	GlobalSection(ProjectConfigurationPlatforms) = postSolution
		{DBA1BF65-0704-427D-8912-D137A17962C6}.Debug|Any CPU.ActiveCfg = Debug|Any CPU
		{DBA1BF65-0704-427D-8912-D137A17962C6}.Debug|Any CPU.Build.0 = Debug|Any CPU
		{DBA1BF65-0704-427D-8912-D137A17962C6}.Release|Any CPU.ActiveCfg = Release|Any CPU
		{DBA1BF65-0704-427D-8912-D137A17962C6}.Release|Any CPU.Build.0 = Release|Any CPU
	EndGlobalSection
	GlobalSection(SolutionProperties) = preSolution
		HideSolutionNode = FALSE
	EndGlobalSection
	GlobalSection(ExtensibilityGlobals) = postSolution
		SolutionGuid = {03E62794-E0E5-4443-B2EE-3F0B4E296A1E}
	EndGlobalSection
EndGlobal
